
Microsoft Visual Studio Solution File, Format Version 12.00
# Visual Studio Version 16
VisualStudioVersion = 16.0.31702.278
MinimumVisualStudioVersion = 10.0.40219.1
Project("{FAE04EC0-301F-11D3-BF4B-00C04F79EFBC}") = "Day19UserRegistrationUseCase2", "Day19UserRegistrationUseCase2.csproj", "{F4D0AB14-2D10-4CA6-9925-B9911936A0B9}"
EndProject
Global
	GlobalSection(SolutionConfigurationPlatforms) = preSolution
		Debug|Any CPU = Debug|Any CPU
		Release|Any CPU = Release|Any CPU
	EndGlobalSection
	GlobalSection(ProjectConfigurationPlatforms) = postSolution
		{F4D0AB14-2D10-4CA6-9925-B9911936A0B9}.Debug|Any CPU.ActiveCfg = Debug|Any CPU
		{F4D0AB14-2D10-4CA6-9925-B9911936A0B9}.Debug|Any CPU.Build.0 = Debug|Any CPU
		{F4D0AB14-2D10-4CA6-9925-B9911936A0B9}.Release|Any CPU.ActiveCfg = Release|Any CPU
		{F4D0AB14-2D10-4CA6-9925-B9911936A0B9}.Release|Any CPU.Build.0 = Release|Any CPU
	EndGlobalSection
	GlobalSection(SolutionProperties) = preSolution
		HideSolutionNode = FALSE
	EndGlobalSection
	GlobalSection(ExtensibilityGlobals) = postSolution
		SolutionGuid = {F0338248-999B-4938-B0CA-67D15022E9CB}
	EndGlobalSection
EndGlobal
